
Microsoft Visual Studio Solution File, Format Version 12.00
# Visual Studio Version 17
VisualStudioVersion = 17.11.35222.181
MinimumVisualStudioVersion = 10.0.40219.1
Project("{FAE04EC0-301F-11D3-BF4B-00C04F79EFBC}") = "E-Commerce", "E-Commerce\E-Commerce.csproj", "{52610247-335C-4712-BBE6-FB1E7A48DD8A}"
EndProject
Project("{FAE04EC0-301F-11D3-BF4B-00C04F79EFBC}") = "E-CommerceDataAccess", "E-CommerceDataAccess\E-CommerceDataAccess.csproj", "{8BA9339D-06BF-4E6C-B48F-A67D61EE2ECB}"
EndProject
Project("{FAE04EC0-301F-11D3-BF4B-00C04F79EFBC}") = "E-CommerceDataBusiness", "E-CommerceDataBusiness\E-CommerceDataBusiness.csproj", "{47F64214-5F33-43D3-BFCB-93960A65E33D}"
EndProject
Global
	GlobalSection(SolutionConfigurationPlatforms) = preSolution
		Debug|Any CPU = Debug|Any CPU
		Release|Any CPU = Release|Any CPU
	EndGlobalSection
	GlobalSection(ProjectConfigurationPlatforms) = postSolution
		{52610247-335C-4712-BBE6-FB1E7A48DD8A}.Debug|Any CPU.ActiveCfg = Debug|Any CPU
		{52610247-335C-4712-BBE6-FB1E7A48DD8A}.Debug|Any CPU.Build.0 = Debug|Any CPU
		{52610247-335C-4712-BBE6-FB1E7A48DD8A}.Release|Any CPU.ActiveCfg = Release|Any CPU
		{52610247-335C-4712-BBE6-FB1E7A48DD8A}.Release|Any CPU.Build.0 = Release|Any CPU
		{8BA9339D-06BF-4E6C-B48F-A67D61EE2ECB}.Debug|Any CPU.ActiveCfg = Debug|Any CPU
		{8BA9339D-06BF-4E6C-B48F-A67D61EE2ECB}.Debug|Any CPU.Build.0 = Debug|Any CPU
		{8BA9339D-06BF-4E6C-B48F-A67D61EE2ECB}.Release|Any CPU.ActiveCfg = Release|Any CPU
		{8BA9339D-06BF-4E6C-B48F-A67D61EE2ECB}.Release|Any CPU.Build.0 = Release|Any CPU
		{47F64214-5F33-43D3-BFCB-93960A65E33D}.Debug|Any CPU.ActiveCfg = Debug|Any CPU
		{47F64214-5F33-43D3-BFCB-93960A65E33D}.Debug|Any CPU.Build.0 = Debug|Any CPU
		{47F64214-5F33-43D3-BFCB-93960A65E33D}.Release|Any CPU.ActiveCfg = Release|Any CPU
		{47F64214-5F33-43D3-BFCB-93960A65E33D}.Release|Any CPU.Build.0 = Release|Any CPU
	EndGlobalSection
	GlobalSection(SolutionProperties) = preSolution
		HideSolutionNode = FALSE
	EndGlobalSection
	GlobalSection(ExtensibilityGlobals) = postSolution
		SolutionGuid = {F824C05F-D6A0-4EDF-8FCD-66497B84B81F}
	EndGlobalSection
EndGlobal
